{
  "name": "game-of-life",
  "version": "1.0.0",
  "lockfileVersion": 1,
  "requires": true,
  "dependencies": {
    "async": {
      "version": "0.2.10",
      "resolved": "https://registry.npmjs.org/async/-/async-0.2.10.tgz",
      "integrity": "sha1-trvgsGdLnXGXCMo43owjfLUmw9E="
    },
    "commander": {
      "version": "2.0.0",
      "resolved": "https://registry.npmjs.org/commander/-/commander-2.0.0.tgz",
      "integrity": "sha1-0bhvkB+LZL2UG96tr5JFMDk76Sg="
    },
    "common.js": {
      "version": "1.1.1",
      "resolved": "https://registry.npmjs.org/common.js/-/common.js-1.1.1.tgz",
      "integrity": "sha1-9GUx3WSYUvl9RnBG1DKtsFW9goQ=",
      "requires": {
        "async": "~0.2.9",
        "commander": "~2.0.0",
        "wrench": "~1.5.4"
      }
    },
    "jquery": {
      "version": "3.6.0",
      "resolved": "https://registry.npmjs.org/jquery/-/jquery-3.6.0.tgz",
      "integrity": "sha512-JVzAR/AjBvVt2BmYhxRCSYysDsPcssdmTFnzyLEts9qNwmjmu4JTAMYubEfwVOSwpQ1I1sKKFcxhZCI2buerfw=="
    },
    "p5": {
      "version": "1.3.1",
      "resolved": "https://registry.npmjs.org/p5/-/p5-1.3.1.tgz",
      "integrity": "sha512-g7W2htgEwiAEGcl0WHccAJKbunUJwrUojUSR9+KihphJ33p5VpDdh1K8pDx4ppYjOr/lVEXaZ1XXDj27nwlNOg=="
    },
    "wrench": {
      "version": "1.5.9",
      "resolved": "https://registry.npmjs.org/wrench/-/wrench-1.5.9.tgz",
      "integrity": "sha1-QRaRxjqbJTGxcAJnJ5veyiOyFCo="
    }
  }
}
